// !$*UTF8*$!
{
	archiveVersion = 1;
	classes = {
	};
	objectVersion = 51;
	objects = {

/* Begin PBXBuildFile section */
		165E4901A06CA2F453E0D92F /* Pods_MBComics.framework in Frameworks */ = {isa = PBXBuildFile; fileRef = 20A9D9AB5BA8FA0713CF26E8 /* Pods_MBComics.framework */; };
		400419192495A74D00AA49B5 /* AllReviewTBViewCell.swift in Sources */ = {isa = PBXBuildFile; fileRef = 400419182495A74D00AA49B5 /* AllReviewTBViewCell.swift */; };
		4004191B2495B04800AA49B5 /* ReviewStatsTBViewCell.swift in Sources */ = {isa = PBXBuildFile; fileRef = 4004191A2495B04800AA49B5 /* ReviewStatsTBViewCell.swift */; };
		4004191E2495B4FE00AA49B5 /* TextViewFormCell.swift in Sources */ = {isa = PBXBuildFile; fileRef = 4004191C2495B4FE00AA49B5 /* TextViewFormCell.swift */; };
		4004191F2495B4FE00AA49B5 /* RatingReviewTBViewCell.swift in Sources */ = {isa = PBXBuildFile; fileRef = 4004191D2495B4FE00AA49B5 /* RatingReviewTBViewCell.swift */; };
		400419212495CD7C00AA49B5 /* ComicRateInfo.swift in Sources */ = {isa = PBXBuildFile; fileRef = 400419202495CD7C00AA49B5 /* ComicRateInfo.swift */; };
		4008126D249502F2004B2514 /* StarBarView.swift in Sources */ = {isa = PBXBuildFile; fileRef = 4008126C249502F2004B2514 /* StarBarView.swift */; };
		4008126F2495270B004B2514 /* ReviewStatsView.swift in Sources */ = {isa = PBXBuildFile; fileRef = 4008126E2495270B004B2514 /* ReviewStatsView.swift */; };
		402D951E24931BB9002E686B /* LineInfoComic.swift in Sources */ = {isa = PBXBuildFile; fileRef = 402D951D24931BB9002E686B /* LineInfoComic.swift */; };
		404075B3248FD1C300060AE0 /* UIImage+Letter.swift in Sources */ = {isa = PBXBuildFile; fileRef = 404075B2248FD1C300060AE0 /* UIImage+Letter.swift */; };
		40420616247E53B9001BA2F8 /* APIService.swift in Sources */ = {isa = PBXBuildFile; fileRef = 40420615247E53B9001BA2F8 /* APIService.swift */; };
		40420618247E57B7001BA2F8 /* ErrorResponse.swift in Sources */ = {isa = PBXBuildFile; fileRef = 40420617247E57B7001BA2F8 /* ErrorResponse.swift */; };
		4043DFA52488833A007A407F /* HomeTBViewCell.swift in Sources */ = {isa = PBXBuildFile; fileRef = 4043DFA42488833A007A407F /* HomeTBViewCell.swift */; };
		4043DFA724888565007A407F /* Constants.swift in Sources */ = {isa = PBXBuildFile; fileRef = 4043DFA624888565007A407F /* Constants.swift */; };
		4043DFA924888829007A407F /* HomeCLViewCell.swift in Sources */ = {isa = PBXBuildFile; fileRef = 4043DFA824888829007A407F /* HomeCLViewCell.swift */; };
		4043DFAB24888AA3007A407F /* CellComicView.swift in Sources */ = {isa = PBXBuildFile; fileRef = 4043DFAA24888AA3007A407F /* CellComicView.swift */; };
		4043DFAD24889862007A407F /* AllComicTBViewCell.swift in Sources */ = {isa = PBXBuildFile; fileRef = 4043DFAC24889862007A407F /* AllComicTBViewCell.swift */; };
		4043DFAF24889934007A407F /* AllComicViewController.swift in Sources */ = {isa = PBXBuildFile; fileRef = 4043DFAE24889934007A407F /* AllComicViewController.swift */; };
		4043DFB12488B0BC007A407F /* ComicDetailViewController.swift in Sources */ = {isa = PBXBuildFile; fileRef = 4043DFB02488B0BC007A407F /* ComicDetailViewController.swift */; };
		40568F07247B51D600304422 /* AppDelegate.swift in Sources */ = {isa = PBXBuildFile; fileRef = 40568F06247B51D600304422 /* AppDelegate.swift */; };
		40568F0B247B51D600304422 /* HomeViewController.swift in Sources */ = {isa = PBXBuildFile; fileRef = 40568F0A247B51D600304422 /* HomeViewController.swift */; };
		40568F10247B51DB00304422 /* Assets.xcassets in Resources */ = {isa = PBXBuildFile; fileRef = 40568F0F247B51DB00304422 /* Assets.xcassets */; };
		40568F13247B51DB00304422 /* LaunchScreen.storyboard in Resources */ = {isa = PBXBuildFile; fileRef = 40568F11247B51DB00304422 /* LaunchScreen.storyboard */; };
		40568F20247B5A6800304422 /* Application.swift in Sources */ = {isa = PBXBuildFile; fileRef = 40568F1F247B5A6800304422 /* Application.swift */; };
		40568F4A247B5C1600304422 /* ApiDefine.swift in Sources */ = {isa = PBXBuildFile; fileRef = 40568F2A247B5C1500304422 /* ApiDefine.swift */; };
		40568F4B247B5C1600304422 /* ApiBase.swift in Sources */ = {isa = PBXBuildFile; fileRef = 40568F2B247B5C1500304422 /* ApiBase.swift */; };
		40568F4C247B5C1600304422 /* DLog.swift in Sources */ = {isa = PBXBuildFile; fileRef = 40568F2D247B5C1500304422 /* DLog.swift */; };
		40568F4D247B5C1600304422 /* BaseViewController.swift in Sources */ = {isa = PBXBuildFile; fileRef = 40568F2F247B5C1500304422 /* BaseViewController.swift */; };
		40568F50247B5C1600304422 /* BaseTBCell.swift in Sources */ = {isa = PBXBuildFile; fileRef = 40568F35247B5C1500304422 /* BaseTBCell.swift */; };
		40568F51247B5C1600304422 /* BaseCLCell.swift in Sources */ = {isa = PBXBuildFile; fileRef = 40568F36247B5C1500304422 /* BaseCLCell.swift */; };
		40568F54247B5C1600304422 /* BaseCustomNibView.swift in Sources */ = {isa = PBXBuildFile; fileRef = 40568F3B247B5C1500304422 /* BaseCustomNibView.swift */; };
		40568F55247B5C1600304422 /* Array+.swift in Sources */ = {isa = PBXBuildFile; fileRef = 40568F3D247B5C1500304422 /* Array+.swift */; };
		40568F56247B5C1600304422 /* UIView+.swift in Sources */ = {isa = PBXBuildFile; fileRef = 40568F3E247B5C1500304422 /* UIView+.swift */; };
		40568F57247B5C1600304422 /* String+.swift in Sources */ = {isa = PBXBuildFile; fileRef = 40568F3F247B5C1500304422 /* String+.swift */; };
		40568F59247B5C1600304422 /* UIViewController+.swift in Sources */ = {isa = PBXBuildFile; fileRef = 40568F41247B5C1500304422 /* UIViewController+.swift */; };
		40568F5A247B5C1600304422 /* UITextField+.swift in Sources */ = {isa = PBXBuildFile; fileRef = 40568F42247B5C1500304422 /* UITextField+.swift */; };
		40568F5C247B5C1600304422 /* UIImage+.swift in Sources */ = {isa = PBXBuildFile; fileRef = 40568F44247B5C1500304422 /* UIImage+.swift */; };
		40568F5E247B5C1600304422 /* UIColor+.swift in Sources */ = {isa = PBXBuildFile; fileRef = 40568F46247B5C1500304422 /* UIColor+.swift */; };
		407122D5247E3787000F8F2D /* SearchViewController.swift in Sources */ = {isa = PBXBuildFile; fileRef = 407122D4247E3787000F8F2D /* SearchViewController.swift */; };
		407122D7247E3793000F8F2D /* UserViewController.swift in Sources */ = {isa = PBXBuildFile; fileRef = 407122D6247E3793000F8F2D /* UserViewController.swift */; };
		407A600D2484883C0090D90C /* LoginViewController.swift in Sources */ = {isa = PBXBuildFile; fileRef = 407A600C2484883C0090D90C /* LoginViewController.swift */; };
		408FD59D24909C3C00511C5D /* HeaderComicTBViewCell.swift in Sources */ = {isa = PBXBuildFile; fileRef = 408FD59C24909C3C00511C5D /* HeaderComicTBViewCell.swift */; };
		408FD59F2490BE2900511C5D /* Number+.swift in Sources */ = {isa = PBXBuildFile; fileRef = 408FD59E2490BE2900511C5D /* Number+.swift */; };
		408FD5A12490C0C700511C5D /* SumaryComicTBViewCell.swift in Sources */ = {isa = PBXBuildFile; fileRef = 408FD5A02490C0C700511C5D /* SumaryComicTBViewCell.swift */; };
		408FD5A32490C36400511C5D /* InfoComicTBViewCell.swift in Sources */ = {isa = PBXBuildFile; fileRef = 408FD5A22490C36400511C5D /* InfoComicTBViewCell.swift */; };
		408FD5A52490C80600511C5D /* LineInfoComicTBViewCell.swift in Sources */ = {isa = PBXBuildFile; fileRef = 408FD5A42490C80600511C5D /* LineInfoComicTBViewCell.swift */; };
		408FD5AA2490D9E000511C5D /* ReviewContentCell.swift in Sources */ = {isa = PBXBuildFile; fileRef = 408FD5A62490D9E000511C5D /* ReviewContentCell.swift */; };
		408FD5AB2490D9E000511C5D /* ReviewTBViewCell.swift in Sources */ = {isa = PBXBuildFile; fileRef = 408FD5A72490D9E000511C5D /* ReviewTBViewCell.swift */; };
		408FD5AC2490D9E000511C5D /* ReviewCLViewCell.swift in Sources */ = {isa = PBXBuildFile; fileRef = 408FD5A82490D9E000511C5D /* ReviewCLViewCell.swift */; };
		408FD5AD2490D9E000511C5D /* EmptyReviewCLViewCell.swift in Sources */ = {isa = PBXBuildFile; fileRef = 408FD5A92490D9E000511C5D /* EmptyReviewCLViewCell.swift */; };
		40AC023E248099E100AF3DEF /* HomeComic.swift in Sources */ = {isa = PBXBuildFile; fileRef = 40AC023D248099E100AF3DEF /* HomeComic.swift */; };
		40AC024024809A5600AF3DEF /* SearchComic.swift in Sources */ = {isa = PBXBuildFile; fileRef = 40AC023F24809A5600AF3DEF /* SearchComic.swift */; };
		40AC024224809D2E00AF3DEF /* DetailComic.swift in Sources */ = {isa = PBXBuildFile; fileRef = 40AC024124809D2E00AF3DEF /* DetailComic.swift */; };
		40AC024424809DB100AF3DEF /* Issue.swift in Sources */ = {isa = PBXBuildFile; fileRef = 40AC024324809DB100AF3DEF /* Issue.swift */; };
		40AC024624809DBE00AF3DEF /* RelatedComic.swift in Sources */ = {isa = PBXBuildFile; fileRef = 40AC024524809DBE00AF3DEF /* RelatedComic.swift */; };
		40AC024824809DD200AF3DEF /* ReviewComic.swift in Sources */ = {isa = PBXBuildFile; fileRef = 40AC024724809DD200AF3DEF /* ReviewComic.swift */; };
		40AC024A24809E0B00AF3DEF /* FavoriteComic.swift in Sources */ = {isa = PBXBuildFile; fileRef = 40AC024924809E0B00AF3DEF /* FavoriteComic.swift */; };
		40AC024C24809E9A00AF3DEF /* ComicStatus.swift in Sources */ = {isa = PBXBuildFile; fileRef = 40AC024B24809E9A00AF3DEF /* ComicStatus.swift */; };
		40AC024E2480A93400AF3DEF /* UserInfo.swift in Sources */ = {isa = PBXBuildFile; fileRef = 40AC024D2480A93400AF3DEF /* UserInfo.swift */; };
		40AC02512480AE0700AF3DEF /* DataRepresentable.swift in Sources */ = {isa = PBXBuildFile; fileRef = 40AC02502480AE0700AF3DEF /* DataRepresentable.swift */; };
		40AC02532480AF3600AF3DEF /* Date+.swift in Sources */ = {isa = PBXBuildFile; fileRef = 40AC02522480AF3600AF3DEF /* Date+.swift */; };
		40AC02552480B45D00AF3DEF /* Comic.swift in Sources */ = {isa = PBXBuildFile; fileRef = 40AC02542480B45D00AF3DEF /* Comic.swift */; };
		40C3EA03248DF27D002C94DE /* AppInfo.swift in Sources */ = {isa = PBXBuildFile; fileRef = 40C3EA02248DF27D002C94DE /* AppInfo.swift */; };
		40C3EA06248E2CEE002C94DE /* UserRepository.swift in Sources */ = {isa = PBXBuildFile; fileRef = 40C3EA05248E2CEE002C94DE /* UserRepository.swift */; };
		40C3EA08248E2D46002C94DE /* ComicRepository.swift in Sources */ = {isa = PBXBuildFile; fileRef = 40C3EA07248E2D46002C94DE /* ComicRepository.swift */; };
		40C3EA0A248E38EE002C94DE /* UserInfoTBViewCell.swift in Sources */ = {isa = PBXBuildFile; fileRef = 40C3EA09248E38EE002C94DE /* UserInfoTBViewCell.swift */; };
		40C3EA0C248E3FEE002C94DE /* Urls.swift in Sources */ = {isa = PBXBuildFile; fileRef = 40C3EA0B248E3FEE002C94DE /* Urls.swift */; };
		40D387482494C75300421CFC /* ListIssuesViewController.swift in Sources */ = {isa = PBXBuildFile; fileRef = 40D387472494C75300421CFC /* ListIssuesViewController.swift */; };
		40D3874A2494C96A00421CFC /* ReadingViewController.swift in Sources */ = {isa = PBXBuildFile; fileRef = 40D387492494C96A00421CFC /* ReadingViewController.swift */; };
		40D3874C2494CA2100421CFC /* WriteReviewViewController.swift in Sources */ = {isa = PBXBuildFile; fileRef = 40D3874B2494CA2100421CFC /* WriteReviewViewController.swift */; };
		40D3874E2494CBD900421CFC /* ListReviewsViewController.swift in Sources */ = {isa = PBXBuildFile; fileRef = 40D3874D2494CBD900421CFC /* ListReviewsViewController.swift */; };
		40E282D1247B712E00B2D6F8 /* GoogleService-Info.plist in Resources */ = {isa = PBXBuildFile; fileRef = 40E282D0247B712E00B2D6F8 /* GoogleService-Info.plist */; };
/* End PBXBuildFile section */

/* Begin PBXFileReference section */
		0137C9950E9ADF0BB4450F5C /* Pods-MBComics.debug.xcconfig */ = {isa = PBXFileReference; includeInIndex = 1; lastKnownFileType = text.xcconfig; name = "Pods-MBComics.debug.xcconfig"; path = "Target Support Files/Pods-MBComics/Pods-MBComics.debug.xcconfig"; sourceTree = "<group>"; };
		20A9D9AB5BA8FA0713CF26E8 /* Pods_MBComics.framework */ = {isa = PBXFileReference; explicitFileType = wrapper.framework; includeInIndex = 0; path = Pods_MBComics.framework; sourceTree = BUILT_PRODUCTS_DIR; };
		400419182495A74D00AA49B5 /* AllReviewTBViewCell.swift */ = {isa = PBXFileReference; lastKnownFileType = sourcecode.swift; path = AllReviewTBViewCell.swift; sourceTree = "<group>"; };
		4004191A2495B04800AA49B5 /* ReviewStatsTBViewCell.swift */ = {isa = PBXFileReference; lastKnownFileType = sourcecode.swift; path = ReviewStatsTBViewCell.swift; sourceTree = "<group>"; };
		4004191C2495B4FE00AA49B5 /* TextViewFormCell.swift */ = {isa = PBXFileReference; fileEncoding = 4; lastKnownFileType = sourcecode.swift; path = TextViewFormCell.swift; sourceTree = "<group>"; };
		4004191D2495B4FE00AA49B5 /* RatingReviewTBViewCell.swift */ = {isa = PBXFileReference; fileEncoding = 4; lastKnownFileType = sourcecode.swift; path = RatingReviewTBViewCell.swift; sourceTree = "<group>"; };
		400419202495CD7C00AA49B5 /* ComicRateInfo.swift */ = {isa = PBXFileReference; lastKnownFileType = sourcecode.swift; path = ComicRateInfo.swift; sourceTree = "<group>"; };
		4008126C249502F2004B2514 /* StarBarView.swift */ = {isa = PBXFileReference; lastKnownFileType = sourcecode.swift; path = StarBarView.swift; sourceTree = "<group>"; };
		4008126E2495270B004B2514 /* ReviewStatsView.swift */ = {isa = PBXFileReference; lastKnownFileType = sourcecode.swift; path = ReviewStatsView.swift; sourceTree = "<group>"; };
		402D951D24931BB9002E686B /* LineInfoComic.swift */ = {isa = PBXFileReference; lastKnownFileType = sourcecode.swift; path = LineInfoComic.swift; sourceTree = "<group>"; };
		404075B2248FD1C300060AE0 /* UIImage+Letter.swift */ = {isa = PBXFileReference; lastKnownFileType = sourcecode.swift; path = "UIImage+Letter.swift"; sourceTree = "<group>"; };
		40420615247E53B9001BA2F8 /* APIService.swift */ = {isa = PBXFileReference; lastKnownFileType = sourcecode.swift; path = APIService.swift; sourceTree = "<group>"; };
		40420617247E57B7001BA2F8 /* ErrorResponse.swift */ = {isa = PBXFileReference; lastKnownFileType = sourcecode.swift; path = ErrorResponse.swift; sourceTree = "<group>"; };
		4043DFA42488833A007A407F /* HomeTBViewCell.swift */ = {isa = PBXFileReference; lastKnownFileType = sourcecode.swift; path = HomeTBViewCell.swift; sourceTree = "<group>"; };
		4043DFA624888565007A407F /* Constants.swift */ = {isa = PBXFileReference; lastKnownFileType = sourcecode.swift; path = Constants.swift; sourceTree = "<group>"; };
		4043DFA824888829007A407F /* HomeCLViewCell.swift */ = {isa = PBXFileReference; lastKnownFileType = sourcecode.swift; path = HomeCLViewCell.swift; sourceTree = "<group>"; };
		4043DFAA24888AA3007A407F /* CellComicView.swift */ = {isa = PBXFileReference; lastKnownFileType = sourcecode.swift; path = CellComicView.swift; sourceTree = "<group>"; };
		4043DFAC24889862007A407F /* AllComicTBViewCell.swift */ = {isa = PBXFileReference; lastKnownFileType = sourcecode.swift; path = AllComicTBViewCell.swift; sourceTree = "<group>"; };
		4043DFAE24889934007A407F /* AllComicViewController.swift */ = {isa = PBXFileReference; lastKnownFileType = sourcecode.swift; path = AllComicViewController.swift; sourceTree = "<group>"; };
		4043DFB02488B0BC007A407F /* ComicDetailViewController.swift */ = {isa = PBXFileReference; lastKnownFileType = sourcecode.swift; path = ComicDetailViewController.swift; sourceTree = "<group>"; };
		40568F03247B51D600304422 /* MBComics.app */ = {isa = PBXFileReference; explicitFileType = wrapper.application; includeInIndex = 0; path = MBComics.app; sourceTree = BUILT_PRODUCTS_DIR; };
		40568F06247B51D600304422 /* AppDelegate.swift */ = {isa = PBXFileReference; lastKnownFileType = sourcecode.swift; path = AppDelegate.swift; sourceTree = "<group>"; };
		40568F0A247B51D600304422 /* HomeViewController.swift */ = {isa = PBXFileReference; lastKnownFileType = sourcecode.swift; path = HomeViewController.swift; sourceTree = "<group>"; };
		40568F0F247B51DB00304422 /* Assets.xcassets */ = {isa = PBXFileReference; lastKnownFileType = folder.assetcatalog; path = Assets.xcassets; sourceTree = "<group>"; };
		40568F12247B51DB00304422 /* Base */ = {isa = PBXFileReference; lastKnownFileType = file.storyboard; name = Base; path = Base.lproj/LaunchScreen.storyboard; sourceTree = "<group>"; };
		40568F14247B51DB00304422 /* Info.plist */ = {isa = PBXFileReference; lastKnownFileType = text.plist.xml; path = Info.plist; sourceTree = "<group>"; };
		40568F1F247B5A6800304422 /* Application.swift */ = {isa = PBXFileReference; lastKnownFileType = sourcecode.swift; path = Application.swift; sourceTree = "<group>"; };
		40568F2A247B5C1500304422 /* ApiDefine.swift */ = {isa = PBXFileReference; fileEncoding = 4; lastKnownFileType = sourcecode.swift; path = ApiDefine.swift; sourceTree = "<group>"; };
		40568F2B247B5C1500304422 /* ApiBase.swift */ = {isa = PBXFileReference; fileEncoding = 4; lastKnownFileType = sourcecode.swift; path = ApiBase.swift; sourceTree = "<group>"; };
		40568F2D247B5C1500304422 /* DLog.swift */ = {isa = PBXFileReference; fileEncoding = 4; lastKnownFileType = sourcecode.swift; path = DLog.swift; sourceTree = "<group>"; };
		40568F2F247B5C1500304422 /* BaseViewController.swift */ = {isa = PBXFileReference; fileEncoding = 4; lastKnownFileType = sourcecode.swift; path = BaseViewController.swift; sourceTree = "<group>"; };
		40568F35247B5C1500304422 /* BaseTBCell.swift */ = {isa = PBXFileReference; fileEncoding = 4; lastKnownFileType = sourcecode.swift; path = BaseTBCell.swift; sourceTree = "<group>"; };
		40568F36247B5C1500304422 /* BaseCLCell.swift */ = {isa = PBXFileReference; fileEncoding = 4; lastKnownFileType = sourcecode.swift; path = BaseCLCell.swift; sourceTree = "<group>"; };
		40568F3B247B5C1500304422 /* BaseCustomNibView.swift */ = {isa = PBXFileReference; fileEncoding = 4; lastKnownFileType = sourcecode.swift; path = BaseCustomNibView.swift; sourceTree = "<group>"; };
		40568F3D247B5C1500304422 /* Array+.swift */ = {isa = PBXFileReference; fileEncoding = 4; lastKnownFileType = sourcecode.swift; path = "Array+.swift"; sourceTree = "<group>"; };
		40568F3E247B5C1500304422 /* UIView+.swift */ = {isa = PBXFileReference; fileEncoding = 4; lastKnownFileType = sourcecode.swift; path = "UIView+.swift"; sourceTree = "<group>"; };
		40568F3F247B5C1500304422 /* String+.swift */ = {isa = PBXFileReference; fileEncoding = 4; lastKnownFileType = sourcecode.swift; path = "String+.swift"; sourceTree = "<group>"; };
		40568F41247B5C1500304422 /* UIViewController+.swift */ = {isa = PBXFileReference; fileEncoding = 4; lastKnownFileType = sourcecode.swift; path = "UIViewController+.swift"; sourceTree = "<group>"; };
		40568F42247B5C1500304422 /* UITextField+.swift */ = {isa = PBXFileReference; fileEncoding = 4; lastKnownFileType = sourcecode.swift; path = "UITextField+.swift"; sourceTree = "<group>"; };
		40568F44247B5C1500304422 /* UIImage+.swift */ = {isa = PBXFileReference; fileEncoding = 4; lastKnownFileType = sourcecode.swift; path = "UIImage+.swift"; sourceTree = "<group>"; };
		40568F46247B5C1500304422 /* UIColor+.swift */ = {isa = PBXFileReference; fileEncoding = 4; lastKnownFileType = sourcecode.swift; path = "UIColor+.swift"; sourceTree = "<group>"; };
		407122D4247E3787000F8F2D /* SearchViewController.swift */ = {isa = PBXFileReference; lastKnownFileType = sourcecode.swift; path = SearchViewController.swift; sourceTree = "<group>"; };
		407122D6247E3793000F8F2D /* UserViewController.swift */ = {isa = PBXFileReference; lastKnownFileType = sourcecode.swift; path = UserViewController.swift; sourceTree = "<group>"; };
		407A600C2484883C0090D90C /* LoginViewController.swift */ = {isa = PBXFileReference; lastKnownFileType = sourcecode.swift; path = LoginViewController.swift; sourceTree = "<group>"; };
		408FD59C24909C3C00511C5D /* HeaderComicTBViewCell.swift */ = {isa = PBXFileReference; lastKnownFileType = sourcecode.swift; path = HeaderComicTBViewCell.swift; sourceTree = "<group>"; };
		408FD59E2490BE2900511C5D /* Number+.swift */ = {isa = PBXFileReference; lastKnownFileType = sourcecode.swift; path = "Number+.swift"; sourceTree = "<group>"; };
		408FD5A02490C0C700511C5D /* SumaryComicTBViewCell.swift */ = {isa = PBXFileReference; lastKnownFileType = sourcecode.swift; path = SumaryComicTBViewCell.swift; sourceTree = "<group>"; };
		408FD5A22490C36400511C5D /* InfoComicTBViewCell.swift */ = {isa = PBXFileReference; lastKnownFileType = sourcecode.swift; path = InfoComicTBViewCell.swift; sourceTree = "<group>"; };
		408FD5A42490C80600511C5D /* LineInfoComicTBViewCell.swift */ = {isa = PBXFileReference; fileEncoding = 4; lastKnownFileType = sourcecode.swift; path = LineInfoComicTBViewCell.swift; sourceTree = "<group>"; };
		408FD5A62490D9E000511C5D /* ReviewContentCell.swift */ = {isa = PBXFileReference; fileEncoding = 4; lastKnownFileType = sourcecode.swift; path = ReviewContentCell.swift; sourceTree = "<group>"; };
		408FD5A72490D9E000511C5D /* ReviewTBViewCell.swift */ = {isa = PBXFileReference; fileEncoding = 4; lastKnownFileType = sourcecode.swift; path = ReviewTBViewCell.swift; sourceTree = "<group>"; };
		408FD5A82490D9E000511C5D /* ReviewCLViewCell.swift */ = {isa = PBXFileReference; fileEncoding = 4; lastKnownFileType = sourcecode.swift; path = ReviewCLViewCell.swift; sourceTree = "<group>"; };
		408FD5A92490D9E000511C5D /* EmptyReviewCLViewCell.swift */ = {isa = PBXFileReference; fileEncoding = 4; lastKnownFileType = sourcecode.swift; path = EmptyReviewCLViewCell.swift; sourceTree = "<group>"; };
		40AC023D248099E100AF3DEF /* HomeComic.swift */ = {isa = PBXFileReference; lastKnownFileType = sourcecode.swift; path = HomeComic.swift; sourceTree = "<group>"; };
		40AC023F24809A5600AF3DEF /* SearchComic.swift */ = {isa = PBXFileReference; lastKnownFileType = sourcecode.swift; path = SearchComic.swift; sourceTree = "<group>"; };
		40AC024124809D2E00AF3DEF /* DetailComic.swift */ = {isa = PBXFileReference; lastKnownFileType = sourcecode.swift; path = DetailComic.swift; sourceTree = "<group>"; };
		40AC024324809DB100AF3DEF /* Issue.swift */ = {isa = PBXFileReference; lastKnownFileType = sourcecode.swift; path = Issue.swift; sourceTree = "<group>"; };
		40AC024524809DBE00AF3DEF /* RelatedComic.swift */ = {isa = PBXFileReference; lastKnownFileType = sourcecode.swift; path = RelatedComic.swift; sourceTree = "<group>"; };
		40AC024724809DD200AF3DEF /* ReviewComic.swift */ = {isa = PBXFileReference; lastKnownFileType = sourcecode.swift; path = ReviewComic.swift; sourceTree = "<group>"; };
		40AC024924809E0B00AF3DEF /* FavoriteComic.swift */ = {isa = PBXFileReference; lastKnownFileType = sourcecode.swift; path = FavoriteComic.swift; sourceTree = "<group>"; };
		40AC024B24809E9A00AF3DEF /* ComicStatus.swift */ = {isa = PBXFileReference; lastKnownFileType = sourcecode.swift; path = ComicStatus.swift; sourceTree = "<group>"; };
		40AC024D2480A93400AF3DEF /* UserInfo.swift */ = {isa = PBXFileReference; lastKnownFileType = sourcecode.swift; path = UserInfo.swift; sourceTree = "<group>"; };
		40AC02502480AE0700AF3DEF /* DataRepresentable.swift */ = {isa = PBXFileReference; lastKnownFileType = sourcecode.swift; path = DataRepresentable.swift; sourceTree = "<group>"; };
		40AC02522480AF3600AF3DEF /* Date+.swift */ = {isa = PBXFileReference; lastKnownFileType = sourcecode.swift; path = "Date+.swift"; sourceTree = "<group>"; };
		40AC02542480B45D00AF3DEF /* Comic.swift */ = {isa = PBXFileReference; lastKnownFileType = sourcecode.swift; path = Comic.swift; sourceTree = "<group>"; };
		40C3EA02248DF27D002C94DE /* AppInfo.swift */ = {isa = PBXFileReference; lastKnownFileType = sourcecode.swift; path = AppInfo.swift; sourceTree = "<group>"; };
		40C3EA05248E2CEE002C94DE /* UserRepository.swift */ = {isa = PBXFileReference; lastKnownFileType = sourcecode.swift; path = UserRepository.swift; sourceTree = "<group>"; };
		40C3EA07248E2D46002C94DE /* ComicRepository.swift */ = {isa = PBXFileReference; lastKnownFileType = sourcecode.swift; path = ComicRepository.swift; sourceTree = "<group>"; };
		40C3EA09248E38EE002C94DE /* UserInfoTBViewCell.swift */ = {isa = PBXFileReference; lastKnownFileType = sourcecode.swift; path = UserInfoTBViewCell.swift; sourceTree = "<group>"; };
		40C3EA0B248E3FEE002C94DE /* Urls.swift */ = {isa = PBXFileReference; lastKnownFileType = sourcecode.swift; path = Urls.swift; sourceTree = "<group>"; };
		40D387472494C75300421CFC /* ListIssuesViewController.swift */ = {isa = PBXFileReference; lastKnownFileType = sourcecode.swift; path = ListIssuesViewController.swift; sourceTree = "<group>"; };
		40D387492494C96A00421CFC /* ReadingViewController.swift */ = {isa = PBXFileReference; lastKnownFileType = sourcecode.swift; path = ReadingViewController.swift; sourceTree = "<group>"; };
		40D3874B2494CA2100421CFC /* WriteReviewViewController.swift */ = {isa = PBXFileReference; lastKnownFileType = sourcecode.swift; path = WriteReviewViewController.swift; sourceTree = "<group>"; };
		40D3874D2494CBD900421CFC /* ListReviewsViewController.swift */ = {isa = PBXFileReference; lastKnownFileType = sourcecode.swift; path = ListReviewsViewController.swift; sourceTree = "<group>"; };
		40E282D0247B712E00B2D6F8 /* GoogleService-Info.plist */ = {isa = PBXFileReference; fileEncoding = 4; lastKnownFileType = text.plist.xml; path = "GoogleService-Info.plist"; sourceTree = "<group>"; };
		FD281564BE5235F186E59208 /* Pods-MBComics.release.xcconfig */ = {isa = PBXFileReference; includeInIndex = 1; lastKnownFileType = text.xcconfig; name = "Pods-MBComics.release.xcconfig"; path = "Target Support Files/Pods-MBComics/Pods-MBComics.release.xcconfig"; sourceTree = "<group>"; };
/* End PBXFileReference section */

/* Begin PBXFrameworksBuildPhase section */
		40568F00247B51D600304422 /* Frameworks */ = {
			isa = PBXFrameworksBuildPhase;
			buildActionMask = 2147483647;
			files = (
				165E4901A06CA2F453E0D92F /* Pods_MBComics.framework in Frameworks */,
			);
			runOnlyForDeploymentPostprocessing = 0;
		};
/* End PBXFrameworksBuildPhase section */

/* Begin PBXGroup section */
		404075B1248FD1B400060AE0 /* Utils */ = {
			isa = PBXGroup;
			children = (
				404075B2248FD1C300060AE0 /* UIImage+Letter.swift */,
			);
			path = Utils;
			sourceTree = "<group>";
		};
		40420610247E5320001BA2F8 /* Models */ = {
			isa = PBXGroup;
			children = (
				40420612247E533F001BA2F8 /* Entities */,
				40420611247E5339001BA2F8 /* API */,
			);
			path = Models;
			sourceTree = "<group>";
		};
		40420611247E5339001BA2F8 /* API */ = {
			isa = PBXGroup;
			children = (
				40420615247E53B9001BA2F8 /* APIService.swift */,
				40420617247E57B7001BA2F8 /* ErrorResponse.swift */,
			);
			path = API;
			sourceTree = "<group>";
		};
		40420612247E533F001BA2F8 /* Entities */ = {
			isa = PBXGroup;
			children = (
				40AC02542480B45D00AF3DEF /* Comic.swift */,
				40AC02502480AE0700AF3DEF /* DataRepresentable.swift */,
				40AC024B24809E9A00AF3DEF /* ComicStatus.swift */,
				40AC023D248099E100AF3DEF /* HomeComic.swift */,
				40AC023F24809A5600AF3DEF /* SearchComic.swift */,
				40AC024124809D2E00AF3DEF /* DetailComic.swift */,
				40AC024324809DB100AF3DEF /* Issue.swift */,
				40AC024524809DBE00AF3DEF /* RelatedComic.swift */,
				40AC024724809DD200AF3DEF /* ReviewComic.swift */,
				40AC024924809E0B00AF3DEF /* FavoriteComic.swift */,
				40AC024D2480A93400AF3DEF /* UserInfo.swift */,
				402D951D24931BB9002E686B /* LineInfoComic.swift */,
				400419202495CD7C00AA49B5 /* ComicRateInfo.swift */,
			);
			path = Entities;
			sourceTree = "<group>";
		};
		40420619247E5C95001BA2F8 /* Constants */ = {
			isa = PBXGroup;
			children = (
				4043DFA624888565007A407F /* Constants.swift */,
				40C3EA02248DF27D002C94DE /* AppInfo.swift */,
				40C3EA0B248E3FEE002C94DE /* Urls.swift */,
			);
			path = Constants;
			sourceTree = "<group>";
		};
		4043DFA32488831B007A407F /* Views */ = {
			isa = PBXGroup;
			children = (
				4043DFA42488833A007A407F /* HomeTBViewCell.swift */,
				4043DFA824888829007A407F /* HomeCLViewCell.swift */,
				4043DFAA24888AA3007A407F /* CellComicView.swift */,
				4043DFAC24889862007A407F /* AllComicTBViewCell.swift */,
				40C3EA09248E38EE002C94DE /* UserInfoTBViewCell.swift */,
				408FD59C24909C3C00511C5D /* HeaderComicTBViewCell.swift */,
				408FD5A02490C0C700511C5D /* SumaryComicTBViewCell.swift */,
				408FD5A22490C36400511C5D /* InfoComicTBViewCell.swift */,
				408FD5A42490C80600511C5D /* LineInfoComicTBViewCell.swift */,
				408FD5A92490D9E000511C5D /* EmptyReviewCLViewCell.swift */,
				408FD5A82490D9E000511C5D /* ReviewCLViewCell.swift */,
				408FD5A62490D9E000511C5D /* ReviewContentCell.swift */,
				408FD5A72490D9E000511C5D /* ReviewTBViewCell.swift */,
				4008126C249502F2004B2514 /* StarBarView.swift */,
				4008126E2495270B004B2514 /* ReviewStatsView.swift */,
				400419182495A74D00AA49B5 /* AllReviewTBViewCell.swift */,
				4004191A2495B04800AA49B5 /* ReviewStatsTBViewCell.swift */,
				4004191D2495B4FE00AA49B5 /* RatingReviewTBViewCell.swift */,
				4004191C2495B4FE00AA49B5 /* TextViewFormCell.swift */,
			);
			path = Views;
			sourceTree = "<group>";
		};
		40568EFA247B51D600304422 = {
			isa = PBXGroup;
			children = (
				40568F05247B51D600304422 /* MBComics */,
				40568F04247B51D600304422 /* Products */,
				DAFD9FC8896AD661451B053B /* Pods */,
				47D775C1CA0D0F3336A9DDC5 /* Frameworks */,
			);
			sourceTree = "<group>";
		};
		40568F04247B51D600304422 /* Products */ = {
			isa = PBXGroup;
			children = (
				40568F03247B51D600304422 /* MBComics.app */,
			);
			name = Products;
			sourceTree = "<group>";
		};
		40568F05247B51D600304422 /* MBComics */ = {
			isa = PBXGroup;
			children = (
				40568F1B247B5A0800304422 /* Main */,
				40568F1A247B59FF00304422 /* Base */,
				40568F14247B51DB00304422 /* Info.plist */,
			);
			path = MBComics;
			sourceTree = "<group>";
		};
		40568F1A247B59FF00304422 /* Base */ = {
			isa = PBXGroup;
			children = (
				40568F21247B5C1500304422 /* BaseClass */,
				40568F3C247B5C1500304422 /* Extension */,
			);
			path = Base;
			sourceTree = "<group>";
		};
		40568F1B247B5A0800304422 /* Main */ = {
			isa = PBXGroup;
			children = (
				404075B1248FD1B400060AE0 /* Utils */,
				40C3EA04248E2CCE002C94DE /* Repositories */,
				4043DFA32488831B007A407F /* Views */,
				40420619247E5C95001BA2F8 /* Constants */,
				40420610247E5320001BA2F8 /* Models */,
				40568F1E247B5A3E00304422 /* Controllers */,
				40568F1D247B5A3200304422 /* Resources */,
				40568F1C247B5A2300304422 /* App */,
			);
			path = Main;
			sourceTree = "<group>";
		};
		40568F1C247B5A2300304422 /* App */ = {
			isa = PBXGroup;
			children = (
				40568F06247B51D600304422 /* AppDelegate.swift */,
				40568F11247B51DB00304422 /* LaunchScreen.storyboard */,
				40568F1F247B5A6800304422 /* Application.swift */,
			);
			path = App;
			sourceTree = "<group>";
		};
		40568F1D247B5A3200304422 /* Resources */ = {
			isa = PBXGroup;
			children = (
				40E282D0247B712E00B2D6F8 /* GoogleService-Info.plist */,
				40568F0F247B51DB00304422 /* Assets.xcassets */,
			);
			path = Resources;
			sourceTree = "<group>";
		};
		40568F1E247B5A3E00304422 /* Controllers */ = {
			isa = PBXGroup;
			children = (
				40568F0A247B51D600304422 /* HomeViewController.swift */,
				407122D4247E3787000F8F2D /* SearchViewController.swift */,
				407122D6247E3793000F8F2D /* UserViewController.swift */,
				407A600C2484883C0090D90C /* LoginViewController.swift */,
				4043DFAE24889934007A407F /* AllComicViewController.swift */,
				4043DFB02488B0BC007A407F /* ComicDetailViewController.swift */,
				40D387472494C75300421CFC /* ListIssuesViewController.swift */,
				40D387492494C96A00421CFC /* ReadingViewController.swift */,
				40D3874B2494CA2100421CFC /* WriteReviewViewController.swift */,
				40D3874D2494CBD900421CFC /* ListReviewsViewController.swift */,
			);
			path = Controllers;
			sourceTree = "<group>";
		};
		40568F21247B5C1500304422 /* BaseClass */ = {
			isa = PBXGroup;
			children = (
				40568F22247B5C1500304422 /* Models */,
				40568F2C247B5C1500304422 /* Logs */,
				40568F2E247B5C1500304422 /* Controllers */,
				40568F33247B5C1500304422 /* Views */,
			);
			path = BaseClass;
			sourceTree = "<group>";
		};
		40568F22247B5C1500304422 /* Models */ = {
			isa = PBXGroup;
			children = (
				40568F23247B5C1500304422 /* Local */,
				40568F29247B5C1500304422 /* Remote */,
			);
			path = Models;
			sourceTree = "<group>";
		};
		40568F23247B5C1500304422 /* Local */ = {
			isa = PBXGroup;
			children = (
			);
			path = Local;
			sourceTree = "<group>";
		};
		40568F29247B5C1500304422 /* Remote */ = {
			isa = PBXGroup;
			children = (
				40568F2A247B5C1500304422 /* ApiDefine.swift */,
				40568F2B247B5C1500304422 /* ApiBase.swift */,
			);
			path = Remote;
			sourceTree = "<group>";
		};
		40568F2C247B5C1500304422 /* Logs */ = {
			isa = PBXGroup;
			children = (
				40568F2D247B5C1500304422 /* DLog.swift */,
			);
			path = Logs;
			sourceTree = "<group>";
		};
		40568F2E247B5C1500304422 /* Controllers */ = {
			isa = PBXGroup;
			children = (
				40568F2F247B5C1500304422 /* BaseViewController.swift */,
			);
			path = Controllers;
			sourceTree = "<group>";
		};
		40568F33247B5C1500304422 /* Views */ = {
			isa = PBXGroup;
			children = (
				40568F34247B5C1500304422 /* Cells */,
				40568F37247B5C1500304422 /* CustomViews */,
			);
			path = Views;
			sourceTree = "<group>";
		};
		40568F34247B5C1500304422 /* Cells */ = {
			isa = PBXGroup;
			children = (
				40568F35247B5C1500304422 /* BaseTBCell.swift */,
				40568F36247B5C1500304422 /* BaseCLCell.swift */,
			);
			path = Cells;
			sourceTree = "<group>";
		};
		40568F37247B5C1500304422 /* CustomViews */ = {
			isa = PBXGroup;
			children = (
				40568F3B247B5C1500304422 /* BaseCustomNibView.swift */,
			);
			path = CustomViews;
			sourceTree = "<group>";
		};
		40568F3C247B5C1500304422 /* Extension */ = {
			isa = PBXGroup;
			children = (
				40568F3D247B5C1500304422 /* Array+.swift */,
				40568F3E247B5C1500304422 /* UIView+.swift */,
				40568F3F247B5C1500304422 /* String+.swift */,
				40568F41247B5C1500304422 /* UIViewController+.swift */,
				40568F42247B5C1500304422 /* UITextField+.swift */,
				40568F44247B5C1500304422 /* UIImage+.swift */,
				40568F46247B5C1500304422 /* UIColor+.swift */,
				40AC02522480AF3600AF3DEF /* Date+.swift */,
				408FD59E2490BE2900511C5D /* Number+.swift */,
			);
			path = Extension;
			sourceTree = "<group>";
		};
		40C3EA04248E2CCE002C94DE /* Repositories */ = {
			isa = PBXGroup;
			children = (
				40C3EA05248E2CEE002C94DE /* UserRepository.swift */,
				40C3EA07248E2D46002C94DE /* ComicRepository.swift */,
			);
			path = Repositories;
			sourceTree = "<group>";
		};
		47D775C1CA0D0F3336A9DDC5 /* Frameworks */ = {
			isa = PBXGroup;
			children = (
				20A9D9AB5BA8FA0713CF26E8 /* Pods_MBComics.framework */,
			);
			name = Frameworks;
			sourceTree = "<group>";
		};
		DAFD9FC8896AD661451B053B /* Pods */ = {
			isa = PBXGroup;
			children = (
				0137C9950E9ADF0BB4450F5C /* Pods-MBComics.debug.xcconfig */,
				FD281564BE5235F186E59208 /* Pods-MBComics.release.xcconfig */,
			);
			path = Pods;
			sourceTree = "<group>";
		};
/* End PBXGroup section */

/* Begin PBXNativeTarget section */
		40568F02247B51D600304422 /* MBComics */ = {
			isa = PBXNativeTarget;
			buildConfigurationList = 40568F17247B51DB00304422 /* Build configuration list for PBXNativeTarget "MBComics" */;
			buildPhases = (
				0A1226687F2C0F341AF56FC8 /* [CP] Check Pods Manifest.lock */,
				40568EFF247B51D600304422 /* Sources */,
				40568F00247B51D600304422 /* Frameworks */,
				40568F01247B51D600304422 /* Resources */,
				3D6B751CE95106233069BBCA /* [CP] Embed Pods Frameworks */,
				93A2771A9D8343F4DA58A490 /* [CP] Copy Pods Resources */,
				4043DFB22488B1AB007A407F /* Swiftlint */,
			);
			buildRules = (
			);
			dependencies = (
			);
			name = MBComics;
			productName = MBComics;
			productReference = 40568F03247B51D600304422 /* MBComics.app */;
			productType = "com.apple.product-type.application";
		};
/* End PBXNativeTarget section */

/* Begin PBXProject section */
		40568EFB247B51D600304422 /* Project object */ = {
			isa = PBXProject;
			attributes = {
				LastSwiftUpdateCheck = 1110;
				LastUpgradeCheck = 1110;
				ORGANIZATIONNAME = HoaPQ;
				TargetAttributes = {
					40568F02247B51D600304422 = {
						CreatedOnToolsVersion = 11.1;
					};
				};
			};
			buildConfigurationList = 40568EFE247B51D600304422 /* Build configuration list for PBXProject "MBComics" */;
			compatibilityVersion = "Xcode 9.3";
			developmentRegion = en;
			hasScannedForEncodings = 0;
			knownRegions = (
				en,
				Base,
			);
			mainGroup = 40568EFA247B51D600304422;
			productRefGroup = 40568F04247B51D600304422 /* Products */;
			projectDirPath = "";
			projectRoot = "";
			targets = (
				40568F02247B51D600304422 /* MBComics */,
			);
		};
/* End PBXProject section */

/* Begin PBXResourcesBuildPhase section */
		40568F01247B51D600304422 /* Resources */ = {
			isa = PBXResourcesBuildPhase;
			buildActionMask = 2147483647;
			files = (
				40E282D1247B712E00B2D6F8 /* GoogleService-Info.plist in Resources */,
				40568F13247B51DB00304422 /* LaunchScreen.storyboard in Resources */,
				40568F10247B51DB00304422 /* Assets.xcassets in Resources */,
			);
			runOnlyForDeploymentPostprocessing = 0;
		};
/* End PBXResourcesBuildPhase section */

/* Begin PBXShellScriptBuildPhase section */
		0A1226687F2C0F341AF56FC8 /* [CP] Check Pods Manifest.lock */ = {
			isa = PBXShellScriptBuildPhase;
			buildActionMask = 2147483647;
			files = (
			);
			inputFileListPaths = (
			);
			inputPaths = (
				"${PODS_PODFILE_DIR_PATH}/Podfile.lock",
				"${PODS_ROOT}/Manifest.lock",
			);
			name = "[CP] Check Pods Manifest.lock";
			outputFileListPaths = (
			);
			outputPaths = (
				"$(DERIVED_FILE_DIR)/Pods-MBComics-checkManifestLockResult.txt",
			);
			runOnlyForDeploymentPostprocessing = 0;
			shellPath = /bin/sh;
			shellScript = "diff \"${PODS_PODFILE_DIR_PATH}/Podfile.lock\" \"${PODS_ROOT}/Manifest.lock\" > /dev/null\nif [ $? != 0 ] ; then\n    # print error to STDERR\n    echo \"error: The sandbox is not in sync with the Podfile.lock. Run 'pod install' or update your CocoaPods installation.\" >&2\n    exit 1\nfi\n# This output is used by Xcode 'outputs' to avoid re-running this script phase.\necho \"SUCCESS\" > \"${SCRIPT_OUTPUT_FILE_0}\"\n";
			showEnvVarsInLog = 0;
		};
		3D6B751CE95106233069BBCA /* [CP] Embed Pods Frameworks */ = {
			isa = PBXShellScriptBuildPhase;
			buildActionMask = 2147483647;
			files = (
			);
			inputFileListPaths = (
				"${PODS_ROOT}/Target Support Files/Pods-MBComics/Pods-MBComics-frameworks-${CONFIGURATION}-input-files.xcfilelist",
			);
			name = "[CP] Embed Pods Frameworks";
			outputFileListPaths = (
				"${PODS_ROOT}/Target Support Files/Pods-MBComics/Pods-MBComics-frameworks-${CONFIGURATION}-output-files.xcfilelist",
			);
			runOnlyForDeploymentPostprocessing = 0;
			shellPath = /bin/sh;
			shellScript = "\"${PODS_ROOT}/Target Support Files/Pods-MBComics/Pods-MBComics-frameworks.sh\"\n";
			showEnvVarsInLog = 0;
		};
		4043DFB22488B1AB007A407F /* Swiftlint */ = {
			isa = PBXShellScriptBuildPhase;
			buildActionMask = 2147483647;
			files = (
			);
			inputFileListPaths = (
			);
			inputPaths = (
			);
			name = Swiftlint;
			outputFileListPaths = (
			);
			outputPaths = (
			);
			runOnlyForDeploymentPostprocessing = 0;
			shellPath = /bin/sh;
			shellScript = "\"${PODS_ROOT}/SwiftLint/swiftlint\"\n";
		};
		93A2771A9D8343F4DA58A490 /* [CP] Copy Pods Resources */ = {
			isa = PBXShellScriptBuildPhase;
			buildActionMask = 2147483647;
			files = (
			);
			inputFileListPaths = (
				"${PODS_ROOT}/Target Support Files/Pods-MBComics/Pods-MBComics-resources-${CONFIGURATION}-input-files.xcfilelist",
			);
			name = "[CP] Copy Pods Resources";
			outputFileListPaths = (
				"${PODS_ROOT}/Target Support Files/Pods-MBComics/Pods-MBComics-resources-${CONFIGURATION}-output-files.xcfilelist",
			);
			runOnlyForDeploymentPostprocessing = 0;
			shellPath = /bin/sh;
			shellScript = "\"${PODS_ROOT}/Target Support Files/Pods-MBComics/Pods-MBComics-resources.sh\"\n";
			showEnvVarsInLog = 0;
		};
/* End PBXShellScriptBuildPhase section */

/* Begin PBXSourcesBuildPhase section */
		40568EFF247B51D600304422 /* Sources */ = {
			isa = PBXSourcesBuildPhase;
			buildActionMask = 2147483647;
			files = (
				40AC024424809DB100AF3DEF /* Issue.swift in Sources */,
				40568F20247B5A6800304422 /* Application.swift in Sources */,
				40AC024024809A5600AF3DEF /* SearchComic.swift in Sources */,
				408FD5A12490C0C700511C5D /* SumaryComicTBViewCell.swift in Sources */,
				40C3EA0A248E38EE002C94DE /* UserInfoTBViewCell.swift in Sources */,
				4004191F2495B4FE00AA49B5 /* RatingReviewTBViewCell.swift in Sources */,
				40AC024624809DBE00AF3DEF /* RelatedComic.swift in Sources */,
				40AC024824809DD200AF3DEF /* ReviewComic.swift in Sources */,
				40AC024224809D2E00AF3DEF /* DetailComic.swift in Sources */,
				40568F0B247B51D600304422 /* HomeViewController.swift in Sources */,
				408FD5AD2490D9E000511C5D /* EmptyReviewCLViewCell.swift in Sources */,
				40AC02552480B45D00AF3DEF /* Comic.swift in Sources */,
				4043DFAB24888AA3007A407F /* CellComicView.swift in Sources */,
				4008126F2495270B004B2514 /* ReviewStatsView.swift in Sources */,
				40C3EA0C248E3FEE002C94DE /* Urls.swift in Sources */,
				40568F4D247B5C1600304422 /* BaseViewController.swift in Sources */,
				4043DFAF24889934007A407F /* AllComicViewController.swift in Sources */,
				40568F07247B51D600304422 /* AppDelegate.swift in Sources */,
				40568F57247B5C1600304422 /* String+.swift in Sources */,
				408FD59F2490BE2900511C5D /* Number+.swift in Sources */,
				40568F56247B5C1600304422 /* UIView+.swift in Sources */,
				408FD5AB2490D9E000511C5D /* ReviewTBViewCell.swift in Sources */,
				40420616247E53B9001BA2F8 /* APIService.swift in Sources */,
				40568F50247B5C1600304422 /* BaseTBCell.swift in Sources */,
				40568F4C247B5C1600304422 /* DLog.swift in Sources */,
				40AC024C24809E9A00AF3DEF /* ComicStatus.swift in Sources */,
				40AC02532480AF3600AF3DEF /* Date+.swift in Sources */,
				4043DFAD24889862007A407F /* AllComicTBViewCell.swift in Sources */,
				408FD5A32490C36400511C5D /* InfoComicTBViewCell.swift in Sources */,
				40568F51247B5C1600304422 /* BaseCLCell.swift in Sources */,
				4043DFA52488833A007A407F /* HomeTBViewCell.swift in Sources */,
				40AC023E248099E100AF3DEF /* HomeComic.swift in Sources */,
				402D951E24931BB9002E686B /* LineInfoComic.swift in Sources */,
				400419212495CD7C00AA49B5 /* ComicRateInfo.swift in Sources */,
				408FD5AC2490D9E000511C5D /* ReviewCLViewCell.swift in Sources */,
				40568F59247B5C1600304422 /* UIViewController+.swift in Sources */,
				40568F54247B5C1600304422 /* BaseCustomNibView.swift in Sources */,
				408FD5AA2490D9E000511C5D /* ReviewContentCell.swift in Sources */,
				40AC02512480AE0700AF3DEF /* DataRepresentable.swift in Sources */,
				40568F55247B5C1600304422 /* Array+.swift in Sources */,
				407122D5247E3787000F8F2D /* SearchViewController.swift in Sources */,
				40D387482494C75300421CFC /* ListIssuesViewController.swift in Sources */,
				40C3EA06248E2CEE002C94DE /* UserRepository.swift in Sources */,
				40568F4A247B5C1600304422 /* ApiDefine.swift in Sources */,
				40568F5C247B5C1600304422 /* UIImage+.swift in Sources */,
				40568F5E247B5C1600304422 /* UIColor+.swift in Sources */,
				4043DFA924888829007A407F /* HomeCLViewCell.swift in Sources */,
				4043DFB12488B0BC007A407F /* ComicDetailViewController.swift in Sources */,
				404075B3248FD1C300060AE0 /* UIImage+Letter.swift in Sources */,
				40568F4B247B5C1600304422 /* ApiBase.swift in Sources */,
				400419192495A74D00AA49B5 /* AllReviewTBViewCell.swift in Sources */,
				40C3EA08248E2D46002C94DE /* ComicRepository.swift in Sources */,
				40420618247E57B7001BA2F8 /* ErrorResponse.swift in Sources */,
				40D3874E2494CBD900421CFC /* ListReviewsViewController.swift in Sources */,
				4004191B2495B04800AA49B5 /* ReviewStatsTBViewCell.swift in Sources */,
				40AC024A24809E0B00AF3DEF /* FavoriteComic.swift in Sources */,
				40D3874C2494CA2100421CFC /* WriteReviewViewController.swift in Sources */,
				408FD5A52490C80600511C5D /* LineInfoComicTBViewCell.swift in Sources */,
				407A600D2484883C0090D90C /* LoginViewController.swift in Sources */,
				4008126D249502F2004B2514 /* StarBarView.swift in Sources */,
				40568F5A247B5C1600304422 /* UITextField+.swift in Sources */,
				408FD59D24909C3C00511C5D /* HeaderComicTBViewCell.swift in Sources */,
				4004191E2495B4FE00AA49B5 /* TextViewFormCell.swift in Sources */,
				40AC024E2480A93400AF3DEF /* UserInfo.swift in Sources */,
				407122D7247E3793000F8F2D /* UserViewController.swift in Sources */,
				4043DFA724888565007A407F /* Constants.swift in Sources */,
				40C3EA03248DF27D002C94DE /* AppInfo.swift in Sources */,
				40D3874A2494C96A00421CFC /* ReadingViewController.swift in Sources */,
			);
			runOnlyForDeploymentPostprocessing = 0;
		};
/* End PBXSourcesBuildPhase section */

/* Begin PBXVariantGroup section */
		40568F11247B51DB00304422 /* LaunchScreen.storyboard */ = {
			isa = PBXVariantGroup;
			children = (
				40568F12247B51DB00304422 /* Base */,
			);
			name = LaunchScreen.storyboard;
			sourceTree = "<group>";
		};
/* End PBXVariantGroup section */

/* Begin XCBuildConfiguration section */
		40568F15247B51DB00304422 /* Debug */ = {
			isa = XCBuildConfiguration;
			buildSettings = {
				ALWAYS_SEARCH_USER_PATHS = NO;
				CLANG_ANALYZER_NONNULL = YES;
				CLANG_ANALYZER_NUMBER_OBJECT_CONVERSION = YES_AGGRESSIVE;
				CLANG_CXX_LANGUAGE_STANDARD = "gnu++14";
				CLANG_CXX_LIBRARY = "libc++";
				CLANG_ENABLE_MODULES = YES;
				CLANG_ENABLE_OBJC_ARC = YES;
				CLANG_ENABLE_OBJC_WEAK = YES;
				CLANG_WARN_BLOCK_CAPTURE_AUTORELEASING = YES;
				CLANG_WARN_BOOL_CONVERSION = YES;
				CLANG_WARN_COMMA = YES;
				CLANG_WARN_CONSTANT_CONVERSION = YES;
				CLANG_WARN_DEPRECATED_OBJC_IMPLEMENTATIONS = YES;
				CLANG_WARN_DIRECT_OBJC_ISA_USAGE = YES_ERROR;
				CLANG_WARN_DOCUMENTATION_COMMENTS = YES;
				CLANG_WARN_EMPTY_BODY = YES;
				CLANG_WARN_ENUM_CONVERSION = YES;
				CLANG_WARN_INFINITE_RECURSION = YES;
				CLANG_WARN_INT_CONVERSION = YES;
				CLANG_WARN_NON_LITERAL_NULL_CONVERSION = YES;
				CLANG_WARN_OBJC_IMPLICIT_RETAIN_SELF = YES;
				CLANG_WARN_OBJC_LITERAL_CONVERSION = YES;
				CLANG_WARN_OBJC_ROOT_CLASS = YES_ERROR;
				CLANG_WARN_RANGE_LOOP_ANALYSIS = YES;
				CLANG_WARN_STRICT_PROTOTYPES = YES;
				CLANG_WARN_SUSPICIOUS_MOVE = YES;
				CLANG_WARN_UNGUARDED_AVAILABILITY = YES_AGGRESSIVE;
				CLANG_WARN_UNREACHABLE_CODE = YES;
				CLANG_WARN__DUPLICATE_METHOD_MATCH = YES;
				COPY_PHASE_STRIP = NO;
				DEBUG_INFORMATION_FORMAT = dwarf;
				ENABLE_STRICT_OBJC_MSGSEND = YES;
				ENABLE_TESTABILITY = YES;
				GCC_C_LANGUAGE_STANDARD = gnu11;
				GCC_DYNAMIC_NO_PIC = NO;
				GCC_NO_COMMON_BLOCKS = YES;
				GCC_OPTIMIZATION_LEVEL = 0;
				GCC_PREPROCESSOR_DEFINITIONS = (
					"DEBUG=1",
					"$(inherited)",
				);
				GCC_WARN_64_TO_32_BIT_CONVERSION = YES;
				GCC_WARN_ABOUT_RETURN_TYPE = YES_ERROR;
				GCC_WARN_UNDECLARED_SELECTOR = YES;
				GCC_WARN_UNINITIALIZED_AUTOS = YES_AGGRESSIVE;
				GCC_WARN_UNUSED_FUNCTION = YES;
				GCC_WARN_UNUSED_VARIABLE = YES;
				IPHONEOS_DEPLOYMENT_TARGET = 13.1;
				MTL_ENABLE_DEBUG_INFO = INCLUDE_SOURCE;
				MTL_FAST_MATH = YES;
				ONLY_ACTIVE_ARCH = YES;
				SDKROOT = iphoneos;
				SWIFT_ACTIVE_COMPILATION_CONDITIONS = DEBUG;
				SWIFT_OPTIMIZATION_LEVEL = "-Onone";
			};
			name = Debug;
		};
		40568F16247B51DB00304422 /* Release */ = {
			isa = XCBuildConfiguration;
			buildSettings = {
				ALWAYS_SEARCH_USER_PATHS = NO;
				CLANG_ANALYZER_NONNULL = YES;
				CLANG_ANALYZER_NUMBER_OBJECT_CONVERSION = YES_AGGRESSIVE;
				CLANG_CXX_LANGUAGE_STANDARD = "gnu++14";
				CLANG_CXX_LIBRARY = "libc++";
				CLANG_ENABLE_MODULES = YES;
				CLANG_ENABLE_OBJC_ARC = YES;
				CLANG_ENABLE_OBJC_WEAK = YES;
				CLANG_WARN_BLOCK_CAPTURE_AUTORELEASING = YES;
				CLANG_WARN_BOOL_CONVERSION = YES;
				CLANG_WARN_COMMA = YES;
				CLANG_WARN_CONSTANT_CONVERSION = YES;
				CLANG_WARN_DEPRECATED_OBJC_IMPLEMENTATIONS = YES;
				CLANG_WARN_DIRECT_OBJC_ISA_USAGE = YES_ERROR;
				CLANG_WARN_DOCUMENTATION_COMMENTS = YES;
				CLANG_WARN_EMPTY_BODY = YES;
				CLANG_WARN_ENUM_CONVERSION = YES;
				CLANG_WARN_INFINITE_RECURSION = YES;
				CLANG_WARN_INT_CONVERSION = YES;
				CLANG_WARN_NON_LITERAL_NULL_CONVERSION = YES;
				CLANG_WARN_OBJC_IMPLICIT_RETAIN_SELF = YES;
				CLANG_WARN_OBJC_LITERAL_CONVERSION = YES;
				CLANG_WARN_OBJC_ROOT_CLASS = YES_ERROR;
				CLANG_WARN_RANGE_LOOP_ANALYSIS = YES;
				CLANG_WARN_STRICT_PROTOTYPES = YES;
				CLANG_WARN_SUSPICIOUS_MOVE = YES;
				CLANG_WARN_UNGUARDED_AVAILABILITY = YES_AGGRESSIVE;
				CLANG_WARN_UNREACHABLE_CODE = YES;
				CLANG_WARN__DUPLICATE_METHOD_MATCH = YES;
				COPY_PHASE_STRIP = NO;
				DEBUG_INFORMATION_FORMAT = "dwarf-with-dsym";
				ENABLE_NS_ASSERTIONS = NO;
				ENABLE_STRICT_OBJC_MSGSEND = YES;
				GCC_C_LANGUAGE_STANDARD = gnu11;
				GCC_NO_COMMON_BLOCKS = YES;
				GCC_WARN_64_TO_32_BIT_CONVERSION = YES;
				GCC_WARN_ABOUT_RETURN_TYPE = YES_ERROR;
				GCC_WARN_UNDECLARED_SELECTOR = YES;
				GCC_WARN_UNINITIALIZED_AUTOS = YES_AGGRESSIVE;
				GCC_WARN_UNUSED_FUNCTION = YES;
				GCC_WARN_UNUSED_VARIABLE = YES;
				IPHONEOS_DEPLOYMENT_TARGET = 13.1;
				MTL_ENABLE_DEBUG_INFO = NO;
				MTL_FAST_MATH = YES;
				SDKROOT = iphoneos;
				SWIFT_COMPILATION_MODE = wholemodule;
				SWIFT_OPTIMIZATION_LEVEL = "-O";
				VALIDATE_PRODUCT = YES;
			};
			name = Release;
		};
		40568F18247B51DB00304422 /* Debug */ = {
			isa = XCBuildConfiguration;
			baseConfigurationReference = 0137C9950E9ADF0BB4450F5C /* Pods-MBComics.debug.xcconfig */;
			buildSettings = {
				ASSETCATALOG_COMPILER_APPICON_NAME = AppIcon;
				CODE_SIGN_STYLE = Automatic;
				INFOPLIST_FILE = MBComics/Info.plist;
				IPHONEOS_DEPLOYMENT_TARGET = 11.0;
				LD_RUNPATH_SEARCH_PATHS = (
					"$(inherited)",
					"@executable_path/Frameworks",
				);
				PRODUCT_BUNDLE_IDENTIFIER = com.mespi.MBComics;
				PRODUCT_NAME = "$(TARGET_NAME)";
				SWIFT_VERSION = 5.0;
				TARGETED_DEVICE_FAMILY = "1,2";
			};
			name = Debug;
		};
		40568F19247B51DB00304422 /* Release */ = {
			isa = XCBuildConfiguration;
			baseConfigurationReference = FD281564BE5235F186E59208 /* Pods-MBComics.release.xcconfig */;
			buildSettings = {
				ASSETCATALOG_COMPILER_APPICON_NAME = AppIcon;
				CODE_SIGN_STYLE = Automatic;
				INFOPLIST_FILE = MBComics/Info.plist;
				IPHONEOS_DEPLOYMENT_TARGET = 11.0;
				LD_RUNPATH_SEARCH_PATHS = (
					"$(inherited)",
					"@executable_path/Frameworks",
				);
				PRODUCT_BUNDLE_IDENTIFIER = com.mespi.MBComics;
				PRODUCT_NAME = "$(TARGET_NAME)";
				SWIFT_VERSION = 5.0;
				TARGETED_DEVICE_FAMILY = "1,2";
			};
			name = Release;
		};
/* End XCBuildConfiguration section */

/* Begin XCConfigurationList section */
		40568EFE247B51D600304422 /* Build configuration list for PBXProject "MBComics" */ = {
			isa = XCConfigurationList;
			buildConfigurations = (
				40568F15247B51DB00304422 /* Debug */,
				40568F16247B51DB00304422 /* Release */,
			);
			defaultConfigurationIsVisible = 0;
			defaultConfigurationName = Release;
		};
		40568F17247B51DB00304422 /* Build configuration list for PBXNativeTarget "MBComics" */ = {
			isa = XCConfigurationList;
			buildConfigurations = (
				40568F18247B51DB00304422 /* Debug */,
				40568F19247B51DB00304422 /* Release */,
			);
			defaultConfigurationIsVisible = 0;
			defaultConfigurationName = Release;
		};
/* End XCConfigurationList section */
	};
	rootObject = 40568EFB247B51D600304422 /* Project object */;
}
